
Microsoft Visual Studio Solution File, Format Version 12.00
# Visual Studio Version 17
VisualStudioVersion = 17.8.34511.84
MinimumVisualStudioVersion = 10.0.40219.1
Project("{FAE04EC0-301F-11D3-BF4B-00C04F79EFBC}") = "MOCKAPP.Server", "MOCKAPP.Server\MOCKAPP.Server.csproj", "{62E19144-54AD-4C63-B861-532A86116B68}"
EndProject
Project("{54A90642-561A-4BB1-A94E-469ADEE60C69}") = "mockapp.client", "mockapp.client\mockapp.client.esproj", "{26D2F8B0-59E5-46FC-A3E6-A60C427411F2}"
EndProject
Global
	GlobalSection(SolutionConfigurationPlatforms) = preSolution
		Debug|Any CPU = Debug|Any CPU
		Release|Any CPU = Release|Any CPU
	EndGlobalSection
	GlobalSection(ProjectConfigurationPlatforms) = postSolution
		{62E19144-54AD-4C63-B861-532A86116B68}.Debug|Any CPU.ActiveCfg = Debug|Any CPU
		{62E19144-54AD-4C63-B861-532A86116B68}.Debug|Any CPU.Build.0 = Debug|Any CPU
		{62E19144-54AD-4C63-B861-532A86116B68}.Release|Any CPU.ActiveCfg = Release|Any CPU
		{62E19144-54AD-4C63-B861-532A86116B68}.Release|Any CPU.Build.0 = Release|Any CPU
		{26D2F8B0-59E5-46FC-A3E6-A60C427411F2}.Debug|Any CPU.ActiveCfg = Debug|Any CPU
		{26D2F8B0-59E5-46FC-A3E6-A60C427411F2}.Debug|Any CPU.Build.0 = Debug|Any CPU
		{26D2F8B0-59E5-46FC-A3E6-A60C427411F2}.Debug|Any CPU.Deploy.0 = Debug|Any CPU
		{26D2F8B0-59E5-46FC-A3E6-A60C427411F2}.Release|Any CPU.ActiveCfg = Release|Any CPU
		{26D2F8B0-59E5-46FC-A3E6-A60C427411F2}.Release|Any CPU.Build.0 = Release|Any CPU
		{26D2F8B0-59E5-46FC-A3E6-A60C427411F2}.Release|Any CPU.Deploy.0 = Release|Any CPU
	EndGlobalSection
	GlobalSection(SolutionProperties) = preSolution
		HideSolutionNode = FALSE
	EndGlobalSection
	GlobalSection(ExtensibilityGlobals) = postSolution
		SolutionGuid = {F5C5FA51-EC9D-4A68-A740-5C9519ABCE06}
	EndGlobalSection
EndGlobal
